{
  "lockfileVersion": 1,
  "workspaces": {
    "": {
      "name": "cesi-dossier-synthese",
      "dependencies": {
        "@fontsource/inter": "^5.2.6",
        "@types/node": "^22.10.7",
        "lucide-svelte": "^0.473.0",
        "svelte": "^5.19.0",
        "uuid": "^11.0.5",
      },
      "devDependencies": {
        "@sveltejs/adapter-static": "^3.0.8",
        "@sveltejs/kit": "^2.16.0",
        "@sveltejs/vite-plugin-svelte": "^5.0.3",
        "@tailwindcss/vite": "^4.0.0",
        "@types/uuid": "^10.0.0",
        "svelte-check": "^4.1.4",
        "tailwindcss": "^4.0.0",
        "tslib": "^2.8.1",
        "typescript": "^5.7.3",
      },
    },
  },
  "packages": {
    "@ampproject/remapping": ["@ampproject/remapping@2.3.0", "", { "dependencies": { "@jridgewell/gen-mapping": "^0.3.5", "@jridgewell/trace-mapping": "^0.3.24" } }, "sha512-30iZtAPgz+LTIYoeivqYo853f02jBYSd5uGnGpkFV0M3xOt9aN73erkgYAmZU43x4VfqcnLxW9Kpg3R5LC4YYw=="],

    "@esbuild/aix-ppc64": ["@esbuild/aix-ppc64@0.24.2", "", { "os": "aix", "cpu": "ppc64" }, "sha512-thpVCb/rhxE/BnMLQ7GReQLLN8q9qbHmI55F4489/ByVg2aQaQ6kbcLb6FHkocZzQhxc4gx0sCk0tJkKBFzDhA=="],

    "@esbuild/android-arm": ["@esbuild/android-arm@0.24.2", "", { "os": "android", "cpu": "arm" }, "sha512-tmwl4hJkCfNHwFB3nBa8z1Uy3ypZpxqxfTQOcHX+xRByyYgunVbZ9MzUUfb0RxaHIMnbHagwAxuTL+tnNM+1/Q=="],

    "@esbuild/android-arm64": ["@esbuild/android-arm64@0.24.2", "", { "os": "android", "cpu": "arm64" }, "sha512-cNLgeqCqV8WxfcTIOeL4OAtSmL8JjcN6m09XIgro1Wi7cF4t/THaWEa7eL5CMoMBdjoHOTh/vwTO/o2TRXIyzg=="],

    "@esbuild/android-x64": ["@esbuild/android-x64@0.24.2", "", { "os": "android", "cpu": "x64" }, "sha512-B6Q0YQDqMx9D7rvIcsXfmJfvUYLoP722bgfBlO5cGvNVb5V/+Y7nhBE3mHV9OpxBf4eAS2S68KZztiPaWq4XYw=="],

    "@esbuild/darwin-arm64": ["@esbuild/darwin-arm64@0.24.2", "", { "os": "darwin", "cpu": "arm64" }, "sha512-kj3AnYWc+CekmZnS5IPu9D+HWtUI49hbnyqk0FLEJDbzCIQt7hg7ucF1SQAilhtYpIujfaHr6O0UHlzzSPdOeA=="],

    "@esbuild/darwin-x64": ["@esbuild/darwin-x64@0.24.2", "", { "os": "darwin", "cpu": "x64" }, "sha512-WeSrmwwHaPkNR5H3yYfowhZcbriGqooyu3zI/3GGpF8AyUdsrrP0X6KumITGA9WOyiJavnGZUwPGvxvwfWPHIA=="],

    "@esbuild/freebsd-arm64": ["@esbuild/freebsd-arm64@0.24.2", "", { "os": "freebsd", "cpu": "arm64" }, "sha512-UN8HXjtJ0k/Mj6a9+5u6+2eZ2ERD7Edt1Q9IZiB5UZAIdPnVKDoG7mdTVGhHJIeEml60JteamR3qhsr1r8gXvg=="],

    "@esbuild/freebsd-x64": ["@esbuild/freebsd-x64@0.24.2", "", { "os": "freebsd", "cpu": "x64" }, "sha512-TvW7wE/89PYW+IevEJXZ5sF6gJRDY/14hyIGFXdIucxCsbRmLUcjseQu1SyTko+2idmCw94TgyaEZi9HUSOe3Q=="],

    "@esbuild/linux-arm": ["@esbuild/linux-arm@0.24.2", "", { "os": "linux", "cpu": "arm" }, "sha512-n0WRM/gWIdU29J57hJyUdIsk0WarGd6To0s+Y+LwvlC55wt+GT/OgkwoXCXvIue1i1sSNWblHEig00GBWiJgfA=="],

    "@esbuild/linux-arm64": ["@esbuild/linux-arm64@0.24.2", "", { "os": "linux", "cpu": "arm64" }, "sha512-7HnAD6074BW43YvvUmE/35Id9/NB7BeX5EoNkK9obndmZBUk8xmJJeU7DwmUeN7tkysslb2eSl6CTrYz6oEMQg=="],

    "@esbuild/linux-ia32": ["@esbuild/linux-ia32@0.24.2", "", { "os": "linux", "cpu": "ia32" }, "sha512-sfv0tGPQhcZOgTKO3oBE9xpHuUqguHvSo4jl+wjnKwFpapx+vUDcawbwPNuBIAYdRAvIDBfZVvXprIj3HA+Ugw=="],

    "@esbuild/linux-loong64": ["@esbuild/linux-loong64@0.24.2", "", { "os": "linux", "cpu": "none" }, "sha512-CN9AZr8kEndGooS35ntToZLTQLHEjtVB5n7dl8ZcTZMonJ7CCfStrYhrzF97eAecqVbVJ7APOEe18RPI4KLhwQ=="],

    "@esbuild/linux-mips64el": ["@esbuild/linux-mips64el@0.24.2", "", { "os": "linux", "cpu": "none" }, "sha512-iMkk7qr/wl3exJATwkISxI7kTcmHKE+BlymIAbHO8xanq/TjHaaVThFF6ipWzPHryoFsesNQJPE/3wFJw4+huw=="],

    "@esbuild/linux-ppc64": ["@esbuild/linux-ppc64@0.24.2", "", { "os": "linux", "cpu": "ppc64" }, "sha512-shsVrgCZ57Vr2L8mm39kO5PPIb+843FStGt7sGGoqiiWYconSxwTiuswC1VJZLCjNiMLAMh34jg4VSEQb+iEbw=="],

    "@esbuild/linux-riscv64": ["@esbuild/linux-riscv64@0.24.2", "", { "os": "linux", "cpu": "none" }, "sha512-4eSFWnU9Hhd68fW16GD0TINewo1L6dRrB+oLNNbYyMUAeOD2yCK5KXGK1GH4qD/kT+bTEXjsyTCiJGHPZ3eM9Q=="],

    "@esbuild/linux-s390x": ["@esbuild/linux-s390x@0.24.2", "", { "os": "linux", "cpu": "s390x" }, "sha512-S0Bh0A53b0YHL2XEXC20bHLuGMOhFDO6GN4b3YjRLK//Ep3ql3erpNcPlEFed93hsQAjAQDNsvcK+hV90FubSw=="],

    "@esbuild/linux-x64": ["@esbuild/linux-x64@0.24.2", "", { "os": "linux", "cpu": "x64" }, "sha512-8Qi4nQcCTbLnK9WoMjdC9NiTG6/E38RNICU6sUNqK0QFxCYgoARqVqxdFmWkdonVsvGqWhmm7MO0jyTqLqwj0Q=="],

    "@esbuild/netbsd-arm64": ["@esbuild/netbsd-arm64@0.24.2", "", { "os": "none", "cpu": "arm64" }, "sha512-wuLK/VztRRpMt9zyHSazyCVdCXlpHkKm34WUyinD2lzK07FAHTq0KQvZZlXikNWkDGoT6x3TD51jKQ7gMVpopw=="],

    "@esbuild/netbsd-x64": ["@esbuild/netbsd-x64@0.24.2", "", { "os": "none", "cpu": "x64" }, "sha512-VefFaQUc4FMmJuAxmIHgUmfNiLXY438XrL4GDNV1Y1H/RW3qow68xTwjZKfj/+Plp9NANmzbH5R40Meudu8mmw=="],

    "@esbuild/openbsd-arm64": ["@esbuild/openbsd-arm64@0.24.2", "", { "os": "openbsd", "cpu": "arm64" }, "sha512-YQbi46SBct6iKnszhSvdluqDmxCJA+Pu280Av9WICNwQmMxV7nLRHZfjQzwbPs3jeWnuAhE9Jy0NrnJ12Oz+0A=="],

    "@esbuild/openbsd-x64": ["@esbuild/openbsd-x64@0.24.2", "", { "os": "openbsd", "cpu": "x64" }, "sha512-+iDS6zpNM6EnJyWv0bMGLWSWeXGN/HTaF/LXHXHwejGsVi+ooqDfMCCTerNFxEkM3wYVcExkeGXNqshc9iMaOA=="],

    "@esbuild/sunos-x64": ["@esbuild/sunos-x64@0.24.2", "", { "os": "sunos", "cpu": "x64" }, "sha512-hTdsW27jcktEvpwNHJU4ZwWFGkz2zRJUz8pvddmXPtXDzVKTTINmlmga3ZzwcuMpUvLw7JkLy9QLKyGpD2Yxig=="],

    "@esbuild/win32-arm64": ["@esbuild/win32-arm64@0.24.2", "", { "os": "win32", "cpu": "arm64" }, "sha512-LihEQ2BBKVFLOC9ZItT9iFprsE9tqjDjnbulhHoFxYQtQfai7qfluVODIYxt1PgdoyQkz23+01rzwNwYfutxUQ=="],

    "@esbuild/win32-ia32": ["@esbuild/win32-ia32@0.24.2", "", { "os": "win32", "cpu": "ia32" }, "sha512-q+iGUwfs8tncmFC9pcnD5IvRHAzmbwQ3GPS5/ceCyHdjXubwQWI12MKWSNSMYLJMq23/IUCvJMS76PDqXe1fxA=="],

    "@esbuild/win32-x64": ["@esbuild/win32-x64@0.24.2", "", { "os": "win32", "cpu": "x64" }, "sha512-7VTgWzgMGvup6aSqDPLiW5zHaxYJGTO4OokMjIlrCtf+VpEL+cXKtCvg723iguPYI5oaUNdS+/V7OU2gvXVWEg=="],

    "@fontsource/inter": ["@fontsource/inter@5.2.6", "", {}, "sha512-CZs9S1CrjD0jPwsNy9W6j0BhsmRSQrgwlTNkgQXTsAeDRM42LBRLo3eo9gCzfH4GvV7zpyf78Ozfl773826csw=="],

    "@jridgewell/gen-mapping": ["@jridgewell/gen-mapping@0.3.5", "", { "dependencies": { "@jridgewell/set-array": "^1.2.1", "@jridgewell/sourcemap-codec": "^1.4.10", "@jridgewell/trace-mapping": "^0.3.24" } }, "sha512-IzL8ZoEDIBRWEzlCcRhOaCupYyN5gdIK+Q6fbFdPDg6HqX6jpkItn7DFIpW9LQzXG6Df9sA7+OKnq0qlz/GaQg=="],

    "@jridgewell/resolve-uri": ["@jridgewell/resolve-uri@3.1.2", "", {}, "sha512-bRISgCIjP20/tbWSPWMEi54QVPRZExkuD9lJL+UIxUKtwVJA8wW1Trb1jMs1RFXo1CBTNZ/5hpC9QvmKWdopKw=="],

    "@jridgewell/set-array": ["@jridgewell/set-array@1.2.1", "", {}, "sha512-R8gLRTZeyp03ymzP/6Lil/28tGeGEzhx1q2k703KGWRAI1VdvPIXdG70VJc2pAMw3NA6JKL5hhFu1sJX0Mnn/A=="],

    "@jridgewell/sourcemap-codec": ["@jridgewell/sourcemap-codec@1.5.0", "", {}, "sha512-gv3ZRaISU3fjPAgNsriBRqGWQL6quFx04YMPW/zD8XMLsU32mhCCbfbO6KZFLjvYpCZ8zyDEgqsgf+PwPaM7GQ=="],

    "@jridgewell/trace-mapping": ["@jridgewell/trace-mapping@0.3.25", "", { "dependencies": { "@jridgewell/resolve-uri": "^3.1.0", "@jridgewell/sourcemap-codec": "^1.4.14" } }, "sha512-vNk6aEwybGtawWmy/PzwnGDOjCkLWSD2wqvjGGAgOAwCGWySYXfYoxt00IJkTF+8Lb57DwOb3Aa0o9CApepiYQ=="],

    "@polka/url": ["@polka/url@1.0.0-next.25", "", {}, "sha512-j7P6Rgr3mmtdkeDGTe0E/aYyWEWVtc5yFXtHCRHs28/jptDEWfaVOc5T7cblqy1XKPPfCxJc/8DwQ5YgLOZOVQ=="],

    "@rollup/rollup-android-arm-eabi": ["@rollup/rollup-android-arm-eabi@4.30.1", "", { "os": "android", "cpu": "arm" }, "sha512-pSWY+EVt3rJ9fQ3IqlrEUtXh3cGqGtPDH1FQlNZehO2yYxCHEX1SPsz1M//NXwYfbTlcKr9WObLnJX9FsS9K1Q=="],

    "@rollup/rollup-android-arm64": ["@rollup/rollup-android-arm64@4.30.1", "", { "os": "android", "cpu": "arm64" }, "sha512-/NA2qXxE3D/BRjOJM8wQblmArQq1YoBVJjrjoTSBS09jgUisq7bqxNHJ8kjCHeV21W/9WDGwJEWSN0KQ2mtD/w=="],

    "@rollup/rollup-darwin-arm64": ["@rollup/rollup-darwin-arm64@4.30.1", "", { "os": "darwin", "cpu": "arm64" }, "sha512-r7FQIXD7gB0WJ5mokTUgUWPl0eYIH0wnxqeSAhuIwvnnpjdVB8cRRClyKLQr7lgzjctkbp5KmswWszlwYln03Q=="],

    "@rollup/rollup-darwin-x64": ["@rollup/rollup-darwin-x64@4.30.1", "", { "os": "darwin", "cpu": "x64" }, "sha512-x78BavIwSH6sqfP2xeI1hd1GpHL8J4W2BXcVM/5KYKoAD3nNsfitQhvWSw+TFtQTLZ9OmlF+FEInEHyubut2OA=="],

    "@rollup/rollup-freebsd-arm64": ["@rollup/rollup-freebsd-arm64@4.30.1", "", { "os": "freebsd", "cpu": "arm64" }, "sha512-HYTlUAjbO1z8ywxsDFWADfTRfTIIy/oUlfIDmlHYmjUP2QRDTzBuWXc9O4CXM+bo9qfiCclmHk1x4ogBjOUpUQ=="],

    "@rollup/rollup-freebsd-x64": ["@rollup/rollup-freebsd-x64@4.30.1", "", { "os": "freebsd", "cpu": "x64" }, "sha512-1MEdGqogQLccphhX5myCJqeGNYTNcmTyaic9S7CG3JhwuIByJ7J05vGbZxsizQthP1xpVx7kd3o31eOogfEirw=="],

    "@rollup/rollup-linux-arm-gnueabihf": ["@rollup/rollup-linux-arm-gnueabihf@4.30.1", "", { "os": "linux", "cpu": "arm" }, "sha512-PaMRNBSqCx7K3Wc9QZkFx5+CX27WFpAMxJNiYGAXfmMIKC7jstlr32UhTgK6T07OtqR+wYlWm9IxzennjnvdJg=="],

    "@rollup/rollup-linux-arm-musleabihf": ["@rollup/rollup-linux-arm-musleabihf@4.30.1", "", { "os": "linux", "cpu": "arm" }, "sha512-B8Rcyj9AV7ZlEFqvB5BubG5iO6ANDsRKlhIxySXcF1axXYUyqwBok+XZPgIYGBgs7LDXfWfifxhw0Ik57T0Yug=="],

    "@rollup/rollup-linux-arm64-gnu": ["@rollup/rollup-linux-arm64-gnu@4.30.1", "", { "os": "linux", "cpu": "arm64" }, "sha512-hqVyueGxAj3cBKrAI4aFHLV+h0Lv5VgWZs9CUGqr1z0fZtlADVV1YPOij6AhcK5An33EXaxnDLmJdQikcn5NEw=="],

    "@rollup/rollup-linux-arm64-musl": ["@rollup/rollup-linux-arm64-musl@4.30.1", "", { "os": "linux", "cpu": "arm64" }, "sha512-i4Ab2vnvS1AE1PyOIGp2kXni69gU2DAUVt6FSXeIqUCPIR3ZlheMW3oP2JkukDfu3PsexYRbOiJrY+yVNSk9oA=="],

    "@rollup/rollup-linux-loongarch64-gnu": ["@rollup/rollup-linux-loongarch64-gnu@4.30.1", "", { "os": "linux", "cpu": "none" }, "sha512-fARcF5g296snX0oLGkVxPmysetwUk2zmHcca+e9ObOovBR++9ZPOhqFUM61UUZ2EYpXVPN1redgqVoBB34nTpQ=="],

    "@rollup/rollup-linux-powerpc64le-gnu": ["@rollup/rollup-linux-powerpc64le-gnu@4.30.1", "", { "os": "linux", "cpu": "ppc64" }, "sha512-GLrZraoO3wVT4uFXh67ElpwQY0DIygxdv0BNW9Hkm3X34wu+BkqrDrkcsIapAY+N2ATEbvak0XQ9gxZtCIA5Rw=="],

    "@rollup/rollup-linux-riscv64-gnu": ["@rollup/rollup-linux-riscv64-gnu@4.30.1", "", { "os": "linux", "cpu": "none" }, "sha512-0WKLaAUUHKBtll0wvOmh6yh3S0wSU9+yas923JIChfxOaaBarmb/lBKPF0w/+jTVozFnOXJeRGZ8NvOxvk/jcw=="],

    "@rollup/rollup-linux-s390x-gnu": ["@rollup/rollup-linux-s390x-gnu@4.30.1", "", { "os": "linux", "cpu": "s390x" }, "sha512-GWFs97Ruxo5Bt+cvVTQkOJ6TIx0xJDD/bMAOXWJg8TCSTEK8RnFeOeiFTxKniTc4vMIaWvCplMAFBt9miGxgkA=="],

    "@rollup/rollup-linux-x64-gnu": ["@rollup/rollup-linux-x64-gnu@4.30.1", "", { "os": "linux", "cpu": "x64" }, "sha512-UtgGb7QGgXDIO+tqqJ5oZRGHsDLO8SlpE4MhqpY9Llpzi5rJMvrK6ZGhsRCST2abZdBqIBeXW6WPD5fGK5SDwg=="],

    "@rollup/rollup-linux-x64-musl": ["@rollup/rollup-linux-x64-musl@4.30.1", "", { "os": "linux", "cpu": "x64" }, "sha512-V9U8Ey2UqmQsBT+xTOeMzPzwDzyXmnAoO4edZhL7INkwQcaW1Ckv3WJX3qrrp/VHaDkEWIBWhRwP47r8cdrOow=="],

    "@rollup/rollup-win32-arm64-msvc": ["@rollup/rollup-win32-arm64-msvc@4.30.1", "", { "os": "win32", "cpu": "arm64" }, "sha512-WabtHWiPaFF47W3PkHnjbmWawnX/aE57K47ZDT1BXTS5GgrBUEpvOzq0FI0V/UYzQJgdb8XlhVNH8/fwV8xDjw=="],

    "@rollup/rollup-win32-ia32-msvc": ["@rollup/rollup-win32-ia32-msvc@4.30.1", "", { "os": "win32", "cpu": "ia32" }, "sha512-pxHAU+Zv39hLUTdQQHUVHf4P+0C47y/ZloorHpzs2SXMRqeAWmGghzAhfOlzFHHwjvgokdFAhC4V+6kC1lRRfw=="],

    "@rollup/rollup-win32-x64-msvc": ["@rollup/rollup-win32-x64-msvc@4.30.1", "", { "os": "win32", "cpu": "x64" }, "sha512-D6qjsXGcvhTjv0kI4fU8tUuBDF/Ueee4SVX79VfNDXZa64TfCW1Slkb6Z7O1p7vflqZjcmOVdZlqf8gvJxc6og=="],

    "@sveltejs/adapter-static": ["@sveltejs/adapter-static@3.0.8", "", { "peerDependencies": { "@sveltejs/kit": "^2.0.0" } }, "sha512-YaDrquRpZwfcXbnlDsSrBQNCChVOT9MGuSg+dMAyfsAa1SmiAhrA5jUYUiIMC59G92kIbY/AaQOWcBdq+lh+zg=="],

    "@sveltejs/kit": ["@sveltejs/kit@2.16.0", "", { "dependencies": { "@types/cookie": "^0.6.0", "cookie": "^0.6.0", "devalue": "^5.1.0", "esm-env": "^1.2.2", "import-meta-resolve": "^4.1.0", "kleur": "^4.1.5", "magic-string": "^0.30.5", "mrmime": "^2.0.0", "sade": "^1.8.1", "set-cookie-parser": "^2.6.0", "sirv": "^3.0.0" }, "peerDependencies": { "@sveltejs/vite-plugin-svelte": "^3.0.0 || ^4.0.0-next.1 || ^5.0.0", "svelte": "^4.0.0 || ^5.0.0-next.0", "vite": "^5.0.3 || ^6.0.0" }, "bin": { "svelte-kit": "svelte-kit.js" } }, "sha512-S9i1ZWKqluzoaJ6riYnEdbe+xJluMTMkhABouBa66GaWcAyCjW/jAc0NdJQJ/DXyK1CnP5quBW25e99MNyvLxA=="],

    "@sveltejs/vite-plugin-svelte": ["@sveltejs/vite-plugin-svelte@5.0.3", "", { "dependencies": { "@sveltejs/vite-plugin-svelte-inspector": "^4.0.1", "debug": "^4.4.0", "deepmerge": "^4.3.1", "kleur": "^4.1.5", "magic-string": "^0.30.15", "vitefu": "^1.0.4" }, "peerDependencies": { "svelte": "^5.0.0", "vite": "^6.0.0" } }, "sha512-MCFS6CrQDu1yGwspm4qtli0e63vaPCehf6V7pIMP15AsWgMKrqDGCPFF/0kn4SP0ii4aySu4Pa62+fIRGFMjgw=="],

    "@sveltejs/vite-plugin-svelte-inspector": ["@sveltejs/vite-plugin-svelte-inspector@4.0.1", "", { "dependencies": { "debug": "^4.3.7" }, "peerDependencies": { "@sveltejs/vite-plugin-svelte": "^5.0.0", "svelte": "^5.0.0", "vite": "^6.0.0" } }, "sha512-J/Nmb2Q2y7mck2hyCX4ckVHcR5tu2J+MtBEQqpDrrgELZ2uvraQcK/ioCV61AqkdXFgriksOKIceDcQmqnGhVw=="],

    "@tailwindcss/node": ["@tailwindcss/node@4.0.0", "", { "dependencies": { "enhanced-resolve": "^5.18.0", "jiti": "^2.4.2", "tailwindcss": "4.0.0" } }, "sha512-tfG2uBvo6j6kDIPmntxwXggCOZAt7SkpAXJ6pTIYirNdk5FBqh/CZZ9BZPpgcl/tNFLs6zc4yghM76sqiELG9g=="],

    "@tailwindcss/oxide": ["@tailwindcss/oxide@4.0.0", "", { "optionalDependencies": { "@tailwindcss/oxide-android-arm64": "4.0.0", "@tailwindcss/oxide-darwin-arm64": "4.0.0", "@tailwindcss/oxide-darwin-x64": "4.0.0", "@tailwindcss/oxide-freebsd-x64": "4.0.0", "@tailwindcss/oxide-linux-arm-gnueabihf": "4.0.0", "@tailwindcss/oxide-linux-arm64-gnu": "4.0.0", "@tailwindcss/oxide-linux-arm64-musl": "4.0.0", "@tailwindcss/oxide-linux-x64-gnu": "4.0.0", "@tailwindcss/oxide-linux-x64-musl": "4.0.0", "@tailwindcss/oxide-win32-arm64-msvc": "4.0.0", "@tailwindcss/oxide-win32-x64-msvc": "4.0.0" } }, "sha512-W3FjpJgy4VV1JiL7iBYDf2n/WkeDg1Il+0Q7eWnqPyvkPPCo/Mbwc5BiaT7dfBNV6tQKAhVE34rU5xl8pSl50w=="],

    "@tailwindcss/oxide-android-arm64": ["@tailwindcss/oxide-android-arm64@4.0.0", "", { "os": "android", "cpu": "arm64" }, "sha512-EAhjU0+FIdyGPR+7MbBWubLLPtmOu+p7c2egTTFBRk/n//zYjNvVK0WhcBK5Y7oUB5mo4EjA2mCbY7dcEMWSRw=="],

    "@tailwindcss/oxide-darwin-arm64": ["@tailwindcss/oxide-darwin-arm64@4.0.0", "", { "os": "darwin", "cpu": "arm64" }, "sha512-hdz4xnSWS11cIp+7ye+3dGHqs0X33z+BXXTtgPOguDWVa+TdXUzwxonklSzf5wlJFuot3dv5eWzhlNai0oYYQg=="],

    "@tailwindcss/oxide-darwin-x64": ["@tailwindcss/oxide-darwin-x64@4.0.0", "", { "os": "darwin", "cpu": "x64" }, "sha512-+dOUUaXTkPKKhtUI9QtVaYg+MpmLh2CN0dHohiYXaBirEyPMkjaT0zbRgzQlNnQWjCVVXPQluIEb0OMEjSTH+Q=="],

    "@tailwindcss/oxide-freebsd-x64": ["@tailwindcss/oxide-freebsd-x64@4.0.0", "", { "os": "freebsd", "cpu": "x64" }, "sha512-CJhGDhxnrmu4SwyC62fA+wP24MhA/TZlIhRHqg1kRuIHoGoVR2uSSm1qxTxU37tSSZj8Up0q6jsBJCAP4k7rgQ=="],

    "@tailwindcss/oxide-linux-arm-gnueabihf": ["@tailwindcss/oxide-linux-arm-gnueabihf@4.0.0", "", { "os": "linux", "cpu": "arm" }, "sha512-Wy7Av0xzXfY2ujZBcYy4+7GQm25/J1iHvlQU2CfwdDCuPWfIjYzR6kggz+uVdSJyKV2s64znchBxRE8kV4uXSA=="],

    "@tailwindcss/oxide-linux-arm64-gnu": ["@tailwindcss/oxide-linux-arm64-gnu@4.0.0", "", { "os": "linux", "cpu": "arm64" }, "sha512-srwBo2l6pvM0swBntc1ucuhGsfFOLkqPRFQ3dWARRTfSkL1U9nAsob2MKc/n47Eva/W9pZZgMOuf7rDw8pK1Ew=="],

    "@tailwindcss/oxide-linux-arm64-musl": ["@tailwindcss/oxide-linux-arm64-musl@4.0.0", "", { "os": "linux", "cpu": "arm64" }, "sha512-abhusswkduYWuezkBmgo0K0/erGq3M4Se5xP0fhc/0dKs0X/rJUYYCFWntHb3IGh3aVzdQ0SXJs93P76DbUqtw=="],

    "@tailwindcss/oxide-linux-x64-gnu": ["@tailwindcss/oxide-linux-x64-gnu@4.0.0", "", { "os": "linux", "cpu": "x64" }, "sha512-hGtRYIUEx377/HlU49+jvVKKwU1MDSKYSMMs0JFO2Wp7LGxk5+0j5+RBk9NFnmp/lbp32yPTgIOO5m1BmDq36A=="],

    "@tailwindcss/oxide-linux-x64-musl": ["@tailwindcss/oxide-linux-x64-musl@4.0.0", "", { "os": "linux", "cpu": "x64" }, "sha512-7xgQgSAThs0I14VAgmxpJnK6XFSZBxHMGoDXkLyYkEnu+8WRQMbCP93dkCUn2PIv+Q+JulRgc00PJ09uORSLXQ=="],

    "@tailwindcss/oxide-win32-arm64-msvc": ["@tailwindcss/oxide-win32-arm64-msvc@4.0.0", "", { "os": "win32", "cpu": "arm64" }, "sha512-qEcgTIPcWY5ZE7f6VxQ/JPrSFMcehzVIlZj7sGE3mVd5YWreAT+Fl1vSP8q2pjnWXn0avZG3Iw7a2hJQAm+fTQ=="],

    "@tailwindcss/oxide-win32-x64-msvc": ["@tailwindcss/oxide-win32-x64-msvc@4.0.0", "", { "os": "win32", "cpu": "x64" }, "sha512-bqT0AY8RXb8GMDy28JtngvqaOSB2YixbLPLvUo6I6lkvvUwA6Eqh2Tj60e2Lh7O/k083f8tYiB0WEK4wmTI7Jg=="],

    "@tailwindcss/vite": ["@tailwindcss/vite@4.0.0", "", { "dependencies": { "@tailwindcss/node": "^4.0.0", "@tailwindcss/oxide": "^4.0.0", "lightningcss": "^1.29.1", "tailwindcss": "4.0.0" }, "peerDependencies": { "vite": "^5.2.0 || ^6" } }, "sha512-4uukMiU9gHui8KMPMdWic5SP1O/tmQ1NFSRNrQWmcop5evAVl/LZ6/LuWL3quEiecp2RBcRWwqJrG+mFXlRlew=="],

    "@types/cookie": ["@types/cookie@0.6.0", "", {}, "sha512-4Kh9a6B2bQciAhf7FSuMRRkUWecJgJu9nPnx3yzpsfXX/c50REIqpHY4C82bXP90qrLtXtkDxTZosYO3UpOwlA=="],

    "@types/estree": ["@types/estree@1.0.5", "", {}, "sha512-/kYRxGDLWzHOB7q+wtSUQlFrtcdUccpfy+X+9iMBpHK8QLLhx2wIPYuS5DYtR9Wa/YlZAbIovy7qVdB1Aq6Lyw=="],

    "@types/node": ["@types/node@22.10.7", "", { "dependencies": { "undici-types": "~6.20.0" } }, "sha512-V09KvXxFiutGp6B7XkpaDXlNadZxrzajcY50EuoLIpQ6WWYCSvf19lVIazzfIzQvhUN2HjX12spLojTnhuKlGg=="],

    "@types/uuid": ["@types/uuid@10.0.0", "", {}, "sha512-7gqG38EyHgyP1S+7+xomFtL+ZNHcKv6DwNaCZmJmo1vgMugyF3TCnXVg4t1uk89mLNwnLtnY3TpOpCOyp1/xHQ=="],

    "acorn": ["acorn@8.12.1", "", { "bin": { "acorn": "bin/acorn" } }, "sha512-tcpGyI9zbizT9JbV6oYE477V6mTlXvvi0T0G3SNIYE2apm/G5huBa1+K89VGeovbg+jycCrfhl3ADxErOuO6Jg=="],

    "acorn-typescript": ["acorn-typescript@1.4.13", "", { "peerDependencies": { "acorn": ">=8.9.0" } }, "sha512-xsc9Xv0xlVfwp2o7sQ+GCQ1PgbkdcpWdTzrwXxO3xDMTAywVS3oXVOcOHuRjAPkS4P9b+yc/qNF15460v+jp4Q=="],

    "aria-query": ["aria-query@5.3.2", "", {}, "sha512-COROpnaoap1E2F000S62r6A60uHZnmlvomhfyT2DlTcrY1OrBKn2UhH7qn5wTC9zMvD0AY7csdPSNwKP+7WiQw=="],

    "axobject-query": ["axobject-query@4.1.0", "", {}, "sha512-qIj0G9wZbMGNLjLmg1PT6v2mE9AH2zlnADJD/2tC6E00hgmhUOfEB6greHPAfLRSufHqROIUTkw6E+M3lH0PTQ=="],

    "chokidar": ["chokidar@4.0.3", "", { "dependencies": { "readdirp": "^4.0.1" } }, "sha512-Qgzu8kfBvo+cA4962jnP1KkS6Dop5NS6g7R5LFYJr4b8Ub94PPQXUksCw9PvXoeXPRRddRNC5C1JQUR2SMGtnA=="],

    "clsx": ["clsx@2.1.1", "", {}, "sha512-eYm0QWBtUrBWZWG0d386OGAw16Z995PiOVo2B7bjWSbHedGl5e0ZWaq65kOGgUSNesEIDkB9ISbTg/JK9dhCZA=="],

    "cookie": ["cookie@0.6.0", "", {}, "sha512-U71cyTamuh1CRNCfpGY6to28lxvNwPG4Guz/EVjgf3Jmzv0vlDp1atT9eS5dDjMYHucpHbWns6Lwf3BKz6svdw=="],

    "debug": ["debug@4.4.0", "", { "dependencies": { "ms": "^2.1.3" } }, "sha512-6WTZ/IxCY/T6BALoZHaE4ctp9xm+Z5kY/pzYaCHRFeyVhojxlrm+46y68HA6hr0TcwEssoxNiDEUJQjfPZ/RYA=="],

    "deepmerge": ["deepmerge@4.3.1", "", {}, "sha512-3sUqbMEc77XqpdNO7FRyRog+eW3ph+GYCbj+rK+uYyRMuwsVy0rMiVtPn+QJlKFvWP/1PYpapqYn0Me2knFn+A=="],

    "detect-libc": ["detect-libc@1.0.3", "", { "bin": { "detect-libc": "./bin/detect-libc.js" } }, "sha512-pGjwhsmsp4kL2RTz08wcOlGN83otlqHeD/Z5T8GXZB+/YcpQ/dgo+lbU8ZsGxV0HIvqqxo9l7mqYwyYMD9bKDg=="],

    "devalue": ["devalue@5.1.1", "", {}, "sha512-maua5KUiapvEwiEAe+XnlZ3Rh0GD+qI1J/nb9vrJc3muPXvcF/8gXYTWF76+5DAqHyDUtOIImEuo0YKE9mshVw=="],

    "enhanced-resolve": ["enhanced-resolve@5.18.0", "", { "dependencies": { "graceful-fs": "^4.2.4", "tapable": "^2.2.0" } }, "sha512-0/r0MySGYG8YqlayBZ6MuCfECmHFdJ5qyPh8s8wa5Hnm6SaFLSK1VYCbj+NKp090Nm1caZhD+QTnmxO7esYGyQ=="],

    "esbuild": ["esbuild@0.24.2", "", { "optionalDependencies": { "@esbuild/aix-ppc64": "0.24.2", "@esbuild/android-arm": "0.24.2", "@esbuild/android-arm64": "0.24.2", "@esbuild/android-x64": "0.24.2", "@esbuild/darwin-arm64": "0.24.2", "@esbuild/darwin-x64": "0.24.2", "@esbuild/freebsd-arm64": "0.24.2", "@esbuild/freebsd-x64": "0.24.2", "@esbuild/linux-arm": "0.24.2", "@esbuild/linux-arm64": "0.24.2", "@esbuild/linux-ia32": "0.24.2", "@esbuild/linux-loong64": "0.24.2", "@esbuild/linux-mips64el": "0.24.2", "@esbuild/linux-ppc64": "0.24.2", "@esbuild/linux-riscv64": "0.24.2", "@esbuild/linux-s390x": "0.24.2", "@esbuild/linux-x64": "0.24.2", "@esbuild/netbsd-arm64": "0.24.2", "@esbuild/netbsd-x64": "0.24.2", "@esbuild/openbsd-arm64": "0.24.2", "@esbuild/openbsd-x64": "0.24.2", "@esbuild/sunos-x64": "0.24.2", "@esbuild/win32-arm64": "0.24.2", "@esbuild/win32-ia32": "0.24.2", "@esbuild/win32-x64": "0.24.2" }, "bin": { "esbuild": "bin/esbuild" } }, "sha512-+9egpBW8I3CD5XPe0n6BfT5fxLzxrlDzqydF3aviG+9ni1lDC/OvMHcxqEFV0+LANZG5R1bFMWfUrjVsdwxJvA=="],

    "esm-env": ["esm-env@1.2.2", "", {}, "sha512-Epxrv+Nr/CaL4ZcFGPJIYLWFom+YeV1DqMLHJoEd9SYRxNbaFruBwfEX/kkHUJf55j2+TUbmDcmuilbP1TmXHA=="],

    "esrap": ["esrap@1.4.3", "", { "dependencies": { "@jridgewell/sourcemap-codec": "^1.4.15" } }, "sha512-Xddc1RsoFJ4z9nR7W7BFaEPIp4UXoeQ0+077UdWLxbafMQFyU79sQJMk7kxNgRwQ9/aVgaKacCHC2pUACGwmYw=="],

    "fdir": ["fdir@6.4.3", "", { "peerDependencies": { "picomatch": "^3 || ^4" }, "optionalPeers": ["picomatch"] }, "sha512-PMXmW2y1hDDfTSRc9gaXIuCCRpuoz3Kaz8cUelp3smouvfT632ozg2vrT6lJsHKKOF59YLbOGfAWGUcKEfRMQw=="],

    "fsevents": ["fsevents@2.3.3", "", { "os": "darwin" }, "sha512-5xoDfX+fL7faATnagmWPpbFtwh/R77WmMMqqHGS65C3vvB0YHrgF+B1YmZ3441tMj5n63k0212XNoJwzlhffQw=="],

    "graceful-fs": ["graceful-fs@4.2.11", "", {}, "sha512-RbJ5/jmFcNNCcDV5o9eTnBLJ/HszWV0P73bc+Ff4nS/rJj+YaS6IGyiOL0VoBYX+l1Wrl3k63h/KrH+nhJ0XvQ=="],

    "import-meta-resolve": ["import-meta-resolve@4.1.0", "", {}, "sha512-I6fiaX09Xivtk+THaMfAwnA3MVA5Big1WHF1Dfx9hFuvNIWpXnorlkzhcQf6ehrqQiiZECRt1poOAkPmer3ruw=="],

    "is-reference": ["is-reference@3.0.3", "", { "dependencies": { "@types/estree": "^1.0.6" } }, "sha512-ixkJoqQvAP88E6wLydLGGqCJsrFUnqoH6HnaczB8XmDH1oaWU+xxdptvikTgaEhtZ53Ky6YXiBuUI2WXLMCwjw=="],

    "jiti": ["jiti@2.4.2", "", { "bin": { "jiti": "lib/jiti-cli.mjs" } }, "sha512-rg9zJN+G4n2nfJl5MW3BMygZX56zKPNVEYYqq7adpmMh4Jn2QNEwhvQlFy6jPVdcod7txZtKHWnyZiA3a0zP7A=="],

    "kleur": ["kleur@4.1.5", "", {}, "sha512-o+NO+8WrRiQEE4/7nwRJhN1HWpVmJm511pBHUxPLtp0BUISzlBplORYSmTclCnJvQq2tKu/sgl3xVpkc7ZWuQQ=="],

    "lightningcss": ["lightningcss@1.29.1", "", { "dependencies": { "detect-libc": "^1.0.3" }, "optionalDependencies": { "lightningcss-darwin-arm64": "1.29.1", "lightningcss-darwin-x64": "1.29.1", "lightningcss-freebsd-x64": "1.29.1", "lightningcss-linux-arm-gnueabihf": "1.29.1", "lightningcss-linux-arm64-gnu": "1.29.1", "lightningcss-linux-arm64-musl": "1.29.1", "lightningcss-linux-x64-gnu": "1.29.1", "lightningcss-linux-x64-musl": "1.29.1", "lightningcss-win32-arm64-msvc": "1.29.1", "lightningcss-win32-x64-msvc": "1.29.1" } }, "sha512-FmGoeD4S05ewj+AkhTY+D+myDvXI6eL27FjHIjoyUkO/uw7WZD1fBVs0QxeYWa7E17CUHJaYX/RUGISCtcrG4Q=="],

    "lightningcss-darwin-arm64": ["lightningcss-darwin-arm64@1.29.1", "", { "os": "darwin", "cpu": "arm64" }, "sha512-HtR5XJ5A0lvCqYAoSv2QdZZyoHNttBpa5EP9aNuzBQeKGfbyH5+UipLWvVzpP4Uml5ej4BYs5I9Lco9u1fECqw=="],

    "lightningcss-darwin-x64": ["lightningcss-darwin-x64@1.29.1", "", { "os": "darwin", "cpu": "x64" }, "sha512-k33G9IzKUpHy/J/3+9MCO4e+PzaFblsgBjSGlpAaFikeBFm8B/CkO3cKU9oI4g+fjS2KlkLM/Bza9K/aw8wsNA=="],

    "lightningcss-freebsd-x64": ["lightningcss-freebsd-x64@1.29.1", "", { "os": "freebsd", "cpu": "x64" }, "sha512-0SUW22fv/8kln2LnIdOCmSuXnxgxVC276W5KLTwoehiO0hxkacBxjHOL5EtHD8BAXg2BvuhsJPmVMasvby3LiQ=="],

    "lightningcss-linux-arm-gnueabihf": ["lightningcss-linux-arm-gnueabihf@1.29.1", "", { "os": "linux", "cpu": "arm" }, "sha512-sD32pFvlR0kDlqsOZmYqH/68SqUMPNj+0pucGxToXZi4XZgZmqeX/NkxNKCPsswAXU3UeYgDSpGhu05eAufjDg=="],

    "lightningcss-linux-arm64-gnu": ["lightningcss-linux-arm64-gnu@1.29.1", "", { "os": "linux", "cpu": "arm64" }, "sha512-0+vClRIZ6mmJl/dxGuRsE197o1HDEeeRk6nzycSy2GofC2JsY4ifCRnvUWf/CUBQmlrvMzt6SMQNMSEu22csWQ=="],

    "lightningcss-linux-arm64-musl": ["lightningcss-linux-arm64-musl@1.29.1", "", { "os": "linux", "cpu": "arm64" }, "sha512-UKMFrG4rL/uHNgelBsDwJcBqVpzNJbzsKkbI3Ja5fg00sgQnHw/VrzUTEc4jhZ+AN2BvQYz/tkHu4vt1kLuJyw=="],

    "lightningcss-linux-x64-gnu": ["lightningcss-linux-x64-gnu@1.29.1", "", { "os": "linux", "cpu": "x64" }, "sha512-u1S+xdODy/eEtjADqirA774y3jLcm8RPtYztwReEXoZKdzgsHYPl0s5V52Tst+GKzqjebkULT86XMSxejzfISw=="],

    "lightningcss-linux-x64-musl": ["lightningcss-linux-x64-musl@1.29.1", "", { "os": "linux", "cpu": "x64" }, "sha512-L0Tx0DtaNUTzXv0lbGCLB/c/qEADanHbu4QdcNOXLIe1i8i22rZRpbT3gpWYsCh9aSL9zFujY/WmEXIatWvXbw=="],

    "lightningcss-win32-arm64-msvc": ["lightningcss-win32-arm64-msvc@1.29.1", "", { "os": "win32", "cpu": "arm64" }, "sha512-QoOVnkIEFfbW4xPi+dpdft/zAKmgLgsRHfJalEPYuJDOWf7cLQzYg0DEh8/sn737FaeMJxHZRc1oBreiwZCjog=="],

    "lightningcss-win32-x64-msvc": ["lightningcss-win32-x64-msvc@1.29.1", "", { "os": "win32", "cpu": "x64" }, "sha512-NygcbThNBe4JElP+olyTI/doBNGJvLs3bFCRPdvuCcxZCcCZ71B858IHpdm7L1btZex0FvCmM17FK98Y9MRy1Q=="],

    "locate-character": ["locate-character@3.0.0", "", {}, "sha512-SW13ws7BjaeJ6p7Q6CO2nchbYEc3X3J6WrmTTDto7yMPqVSZTUyY5Tjbid+Ab8gLnATtygYtiDIJGQRRn2ZOiA=="],

    "lucide-svelte": ["lucide-svelte@0.473.0", "", { "peerDependencies": { "svelte": "^3 || ^4 || ^5.0.0-next.42" } }, "sha512-Lw2+vrDmVlz/WC1/KcuCEV/1ENrHtChw4GH1cssMbbpdUFyVjZkt9S+7olCOGW8jOZJOrzZNfefV1DdaDw46jQ=="],

    "magic-string": ["magic-string@0.30.17", "", { "dependencies": { "@jridgewell/sourcemap-codec": "^1.5.0" } }, "sha512-sNPKHvyjVf7gyjwS4xGTaW/mCnF8wnjtifKBEhxfZ7E/S8tQ0rssrwGNn6q8JH/ohItJfSQp9mBtQYuTlH5QnA=="],

    "mri": ["mri@1.2.0", "", {}, "sha512-tzzskb3bG8LvYGFF/mDTpq3jpI6Q9wc3LEmBaghu+DdCssd1FakN7Bc0hVNmEyGq1bq3RgfkCb3cmQLpNPOroA=="],

    "mrmime": ["mrmime@2.0.0", "", {}, "sha512-eu38+hdgojoyq63s+yTpN4XMBdt5l8HhMhc4VKLO9KM5caLIBvUm4thi7fFaxyTmCKeNnXZ5pAlBwCUnhA09uw=="],

    "ms": ["ms@2.1.3", "", {}, "sha512-6FlzubTLZG3J2a/NVCAleEhjzq5oxgHyaCU9yYXvcLsvoVaHJq/s5xXI6/XXP6tz7R9xAOtHnSO/tXtF3WRTlA=="],

    "nanoid": ["nanoid@3.3.8", "", { "bin": { "nanoid": "bin/nanoid.cjs" } }, "sha512-WNLf5Sd8oZxOm+TzppcYk8gVOgP+l58xNy58D0nbUnOxOWRWvlcCV4kUF7ltmI6PsrLl/BgKEyS4mqsGChFN0w=="],

    "picocolors": ["picocolors@1.1.1", "", {}, "sha512-xceH2snhtb5M9liqDsmEw56le376mTZkEX/jEb/RxNFyegNul7eNslCXP9FDj/Lcu0X8KEyMceP2ntpaHrDEVA=="],

    "postcss": ["postcss@8.5.1", "", { "dependencies": { "nanoid": "^3.3.8", "picocolors": "^1.1.1", "source-map-js": "^1.2.1" } }, "sha512-6oz2beyjc5VMn/KV1pPw8fliQkhBXrVn1Z3TVyqZxU8kZpzEKhBdmCFqI6ZbmGtamQvQGuU1sgPTk8ZrXDD7jQ=="],

    "readdirp": ["readdirp@4.1.1", "", {}, "sha512-h80JrZu/MHUZCyHu5ciuoI0+WxsCxzxJTILn6Fs8rxSnFPh+UVHYfeIxK1nVGugMqkfC4vJcBOYbkfkwYK0+gw=="],

    "rollup": ["rollup@4.30.1", "", { "dependencies": { "@types/estree": "1.0.6" }, "optionalDependencies": { "@rollup/rollup-android-arm-eabi": "4.30.1", "@rollup/rollup-android-arm64": "4.30.1", "@rollup/rollup-darwin-arm64": "4.30.1", "@rollup/rollup-darwin-x64": "4.30.1", "@rollup/rollup-freebsd-arm64": "4.30.1", "@rollup/rollup-freebsd-x64": "4.30.1", "@rollup/rollup-linux-arm-gnueabihf": "4.30.1", "@rollup/rollup-linux-arm-musleabihf": "4.30.1", "@rollup/rollup-linux-arm64-gnu": "4.30.1", "@rollup/rollup-linux-arm64-musl": "4.30.1", "@rollup/rollup-linux-loongarch64-gnu": "4.30.1", "@rollup/rollup-linux-powerpc64le-gnu": "4.30.1", "@rollup/rollup-linux-riscv64-gnu": "4.30.1", "@rollup/rollup-linux-s390x-gnu": "4.30.1", "@rollup/rollup-linux-x64-gnu": "4.30.1", "@rollup/rollup-linux-x64-musl": "4.30.1", "@rollup/rollup-win32-arm64-msvc": "4.30.1", "@rollup/rollup-win32-ia32-msvc": "4.30.1", "@rollup/rollup-win32-x64-msvc": "4.30.1", "fsevents": "~2.3.2" }, "bin": { "rollup": "dist/bin/rollup" } }, "sha512-mlJ4glW020fPuLi7DkM/lN97mYEZGWeqBnrljzN0gs7GLctqX3lNWxKQ7Gl712UAX+6fog/L3jh4gb7R6aVi3w=="],

    "sade": ["sade@1.8.1", "", { "dependencies": { "mri": "^1.1.0" } }, "sha512-xal3CZX1Xlo/k4ApwCFrHVACi9fBqJ7V+mwhBsuf/1IOKbBy098Fex+Wa/5QMubw09pSZ/u8EY8PWgevJsXp1A=="],

    "set-cookie-parser": ["set-cookie-parser@2.6.0", "", {}, "sha512-RVnVQxTXuerk653XfuliOxBP81Sf0+qfQE73LIYKcyMYHG94AuH0kgrQpRDuTZnSmjpysHmzxJXKNfa6PjFhyQ=="],

    "sirv": ["sirv@3.0.0", "", { "dependencies": { "@polka/url": "^1.0.0-next.24", "mrmime": "^2.0.0", "totalist": "^3.0.0" } }, "sha512-BPwJGUeDaDCHihkORDchNyyTvWFhcusy1XMmhEVTQTwGeybFbp8YEmB+njbPnth1FibULBSBVwCQni25XlCUDg=="],

    "source-map-js": ["source-map-js@1.2.1", "", {}, "sha512-UXWMKhLOwVKb728IUtQPXxfYU+usdybtUrK/8uGE8CQMvrhOpwvzDBwj0QhSL7MQc7vIsISBG8VQ8+IDQxpfQA=="],

    "svelte": ["svelte@5.19.0", "", { "dependencies": { "@ampproject/remapping": "^2.3.0", "@jridgewell/sourcemap-codec": "^1.5.0", "@types/estree": "^1.0.5", "acorn": "^8.12.1", "acorn-typescript": "^1.4.13", "aria-query": "^5.3.1", "axobject-query": "^4.1.0", "clsx": "^2.1.1", "esm-env": "^1.2.1", "esrap": "^1.4.3", "is-reference": "^3.0.3", "locate-character": "^3.0.0", "magic-string": "^0.30.11", "zimmerframe": "^1.1.2" } }, "sha512-qvd2GvvYnJxS/MteQKFSMyq8cQrAAut28QZ39ySv9k3ggmhw4Au4Rfcsqva74i0xMys//OhbhVCNfXPrDzL/Bg=="],

    "svelte-check": ["svelte-check@4.1.4", "", { "dependencies": { "@jridgewell/trace-mapping": "^0.3.25", "chokidar": "^4.0.1", "fdir": "^6.2.0", "picocolors": "^1.0.0", "sade": "^1.7.4" }, "peerDependencies": { "svelte": "^4.0.0 || ^5.0.0-next.0", "typescript": ">=5.0.0" }, "bin": { "svelte-check": "bin/svelte-check" } }, "sha512-v0j7yLbT29MezzaQJPEDwksybTE2Ups9rUxEXy92T06TiA0cbqcO8wAOwNUVkFW6B0hsYHA+oAX3BS8b/2oHtw=="],

    "tailwindcss": ["tailwindcss@4.0.0", "", {}, "sha512-ULRPI3A+e39T7pSaf1xoi58AqqJxVCLg8F/uM5A3FadUbnyDTgltVnXJvdkTjwCOGA6NazqHVcwPJC5h2vRYVQ=="],

    "tapable": ["tapable@2.2.1", "", {}, "sha512-GNzQvQTOIP6RyTfE2Qxb8ZVlNmw0n88vp1szwWRimP02mnTsx3Wtn5qRdqY9w2XduFNUgvOwhNnQsjwCp+kqaQ=="],

    "totalist": ["totalist@3.0.1", "", {}, "sha512-sf4i37nQ2LBx4m3wB74y+ubopq6W/dIzXg0FDGjsYnZHVa1Da8FH853wlL2gtUhg+xJXjfk3kUZS3BRoQeoQBQ=="],

    "tslib": ["tslib@2.8.1", "", {}, "sha512-oJFu94HQb+KVduSUQL7wnpmqnfmLsOA/nAh6b6EH0wCEoK0/mPeXU6c3wKDV83MkOuHPRHtSXKKU99IBazS/2w=="],

    "typescript": ["typescript@5.7.3", "", { "bin": { "tsc": "bin/tsc", "tsserver": "bin/tsserver" } }, "sha512-84MVSjMEHP+FQRPy3pX9sTVV/INIex71s9TL2Gm5FG/WG1SqXeKyZ0k7/blY/4FdOzI12CBy1vGc4og/eus0fw=="],

    "undici-types": ["undici-types@6.20.0", "", {}, "sha512-Ny6QZ2Nju20vw1SRHe3d9jVu6gJ+4e3+MMpqu7pqE5HT6WsTSlce++GQmK5UXS8mzV8DSYHrQH+Xrf2jVcuKNg=="],

    "uuid": ["uuid@11.0.5", "", { "bin": { "uuid": "dist/esm/bin/uuid" } }, "sha512-508e6IcKLrhxKdBbcA2b4KQZlLVp2+J5UwQ6F7Drckkc5N9ZJwFa4TgWtsww9UG8fGHbm6gbV19TdM5pQ4GaIA=="],

    "vite": ["vite@6.0.7", "", { "dependencies": { "esbuild": "^0.24.2", "postcss": "^8.4.49", "rollup": "^4.23.0" }, "optionalDependencies": { "fsevents": "~2.3.3" }, "peerDependencies": { "@types/node": "^18.0.0 || ^20.0.0 || >=22.0.0", "jiti": ">=1.21.0", "less": "*", "lightningcss": "^1.21.0", "sass": "*", "sass-embedded": "*", "stylus": "*", "sugarss": "*", "terser": "^5.16.0", "tsx": "^4.8.1", "yaml": "^2.4.2" }, "optionalPeers": ["@types/node", "jiti", "less", "lightningcss", "sass", "sass-embedded", "stylus", "sugarss", "terser", "tsx", "yaml"], "bin": { "vite": "bin/vite.js" } }, "sha512-RDt8r/7qx9940f8FcOIAH9PTViRrghKaK2K1jY3RaAURrEUbm9Du1mJ72G+jlhtG3WwodnfzY8ORQZbBavZEAQ=="],

    "vitefu": ["vitefu@1.0.5", "", { "peerDependencies": { "vite": "^3.0.0 || ^4.0.0 || ^5.0.0 || ^6.0.0" }, "optionalPeers": ["vite"] }, "sha512-h4Vflt9gxODPFNGPwp4zAMZRpZR7eslzwH2c5hn5kNZ5rhnKyRJ50U+yGCdc2IRaBs8O4haIgLNGrV5CrpMsCA=="],

    "zimmerframe": ["zimmerframe@1.1.2", "", {}, "sha512-rAbqEGa8ovJy4pyBxZM70hg4pE6gDgaQ0Sl9M3enG3I0d6H4XSAM3GeNGLKnsBpuijUow064sf7ww1nutC5/3w=="],

    "is-reference/@types/estree": ["@types/estree@1.0.6", "", {}, "sha512-AYnb1nQyY49te+VRAVgmzfcgjYS91mY5P0TKUDCLEM+gNnA+3T6rWITXRLYCpahpqSQbN5cE+gHpnPyXjHWxcw=="],

    "rollup/@types/estree": ["@types/estree@1.0.6", "", {}, "sha512-AYnb1nQyY49te+VRAVgmzfcgjYS91mY5P0TKUDCLEM+gNnA+3T6rWITXRLYCpahpqSQbN5cE+gHpnPyXjHWxcw=="],
  }
}
